
Microsoft Visual Studio Solution File, Format Version 10.00
# Visual Studio 2008
Project("{FAE04EC0-301F-11D3-BF4B-00C04F79EFBC}") = "WindowsFormsApplication3", "WindowsFormsApplication3\WindowsFormsApplication3.csproj", "{F9F77254-91A0-4E9A-A3AC-038FEA7F142C}"
EndProject
Global
	GlobalSection(SolutionConfigurationPlatforms) = preSolution
		Debug|Any CPU = Debug|Any CPU
		Release|Any CPU = Release|Any CPU
	EndGlobalSection
	GlobalSection(ProjectConfigurationPlatforms) = postSolution
		{F9F77254-91A0-4E9A-A3AC-038FEA7F142C}.Debug|Any CPU.ActiveCfg = Debug|Any CPU
		{F9F77254-91A0-4E9A-A3AC-038FEA7F142C}.Debug|Any CPU.Build.0 = Debug|Any CPU
		{F9F77254-91A0-4E9A-A3AC-038FEA7F142C}.Release|Any CPU.ActiveCfg = Release|Any CPU
		{F9F77254-91A0-4E9A-A3AC-038FEA7F142C}.Release|Any CPU.Build.0 = Release|Any CPU
	EndGlobalSection
	GlobalSection(SolutionProperties) = preSolution
		HideSolutionNode = FALSE
	EndGlobalSection
EndGlobal
